# This file is autogenerated, do not edit; changes may be undone by the next 'dep ensure'.


[[projects]]
  digest = "1:620bade21ddf8256869717861431d52650c7e40bc56bdcd3d5ec3da63e7573b0"
  name = "github.com/davecgh/go-spew"
  packages = ["spew"]
  pruneopts = "UT"
  revision = "5215b55f46b2b919f50a1df0eaa5886afe4e3b3d"

[[projects]]
  digest = "1:0028cb19b2e4c3112225cd871870f2d9cf49b9b4276531f03438a88e94be86fe"
  name = "github.com/pmezard/go-difflib"
  packages = ["difflib"]
  pruneopts = "UT"
  revision = "792786c7400a136282c1664665ae0a8db921c6c2"
  version = "v1.0.0"

[[projects]]
  digest = "1:34a99dd0852c5c9c16e9b86884e9e0cb3e4a7a01df4dea7913f85ea7fb786bbe"
  name = "github.com/satori/go.uuid"
  packages = ["."]
  pruneopts = "UT"
  revision = "879c5887cd475cd7864858769793b2ceb0d44feb"
  version = "v1.1.0"

[[projects]]
  digest = "1:9b48da692639f7c24b62448bd7da83b2290b0aae36a781c945c86d05a238d283"
  name = "github.com/stretchr/testify"
  packages = ["assert"]
  pruneopts = "UT"
  revision = "d77da356e56a7428ad25149ca77381849a6a5232"

[[projects]]
  digest = "1:4a4fa0fca064312aca11028830389bc2d884d506a39fb41418d0d8ebe709c8f4"
  name = "golang.org/x/crypto"
  packages = [
    "curve25519",
    "ed25519",
    "ed25519/internal/edwards25519",
    "ssh",
  ]
  pruneopts = "UT"
  revision = "811831de4c4dd03a0b8737233af3b36852386373"

[solve-meta]
  analyzer-name = "dep"
  analyzer-version = 1
  input-imports = [
    "github.com/satori/go.uuid",
    "github.com/stretchr/testify/assert",
    "golang.org/x/crypto/ssh",
  ]
  solver-name = "gps-cdcl"
  solver-version = 1
